// !$*UTF8*$!
{
	archiveVersion = 1;
	classes = {
	};
	objectVersion = 77;
	objects = {

/* Begin PBXBuildFile section */
		266BB6A22DB1B32300465953 /* Alamofire in Frameworks */ = {isa = PBXBuildFile; productRef = 266BB6A12DB1B32300465953 /* Alamofire */; };
		78B97FAA513F82ED8079D209 /* Pods_CleemTests.framework in Frameworks */ = {isa = PBXBuildFile; fileRef = 79158B792A237DF7910970E4 /* Pods_CleemTests.framework */; };
		7D7CC30B05A1C1C2269EC5BA /* Pods_Cleem.framework in Frameworks */ = {isa = PBXBuildFile; fileRef = F01C2AC2804D8E00661A64ED /* Pods_Cleem.framework */; };
/* End PBXBuildFile section */

/* Begin PBXContainerItemProxy section */
		26C420892DAFDCB90092BB6E /* PBXContainerItemProxy */ = {
			isa = PBXContainerItemProxy;
			containerPortal = 26C4206B2DAFDCB60092BB6E /* Project object */;
			proxyType = 1;
			remoteGlobalIDString = 26C420722DAFDCB60092BB6E;
			remoteInfo = Cleem;
		};
		26C420932DAFDCB90092BB6E /* PBXContainerItemProxy */ = {
			isa = PBXContainerItemProxy;
			containerPortal = 26C4206B2DAFDCB60092BB6E /* Project object */;
			proxyType = 1;
			remoteGlobalIDString = 26C420722DAFDCB60092BB6E;
			remoteInfo = Cleem;
		};
/* End PBXContainerItemProxy section */

/* Begin PBXFileReference section */
		1CD24B68B113AAD7EF59C893 /* Pods-Cleem.debug.xcconfig */ = {isa = PBXFileReference; includeInIndex = 1; lastKnownFileType = text.xcconfig; name = "Pods-Cleem.debug.xcconfig"; path = "Target Support Files/Pods-Cleem/Pods-Cleem.debug.xcconfig"; sourceTree = "<group>"; };
		1ECB009BF716F65CC6B37A4D /* Pods-Cleem.release.xcconfig */ = {isa = PBXFileReference; includeInIndex = 1; lastKnownFileType = text.xcconfig; name = "Pods-Cleem.release.xcconfig"; path = "Target Support Files/Pods-Cleem/Pods-Cleem.release.xcconfig"; sourceTree = "<group>"; };
		260D650F2DD8A8020002790A /* GoogleSignIn.framework */ = {isa = PBXFileReference; explicitFileType = wrapper.framework; path = GoogleSignIn.framework; sourceTree = BUILT_PRODUCTS_DIR; };
		260D65112DD8A8100002790A /* GTMAppAuth.framework */ = {isa = PBXFileReference; explicitFileType = wrapper.framework; path = GTMAppAuth.framework; sourceTree = BUILT_PRODUCTS_DIR; };
		260D65132DD8A81D0002790A /* AppAuth.framework */ = {isa = PBXFileReference; explicitFileType = wrapper.framework; path = AppAuth.framework; sourceTree = BUILT_PRODUCTS_DIR; };
		26C420732DAFDCB60092BB6E /* Cleem.app */ = {isa = PBXFileReference; explicitFileType = wrapper.application; includeInIndex = 0; path = Cleem.app; sourceTree = BUILT_PRODUCTS_DIR; };
		26C420882DAFDCB90092BB6E /* CleemTests.xctest */ = {isa = PBXFileReference; explicitFileType = wrapper.cfbundle; includeInIndex = 0; path = CleemTests.xctest; sourceTree = BUILT_PRODUCTS_DIR; };
		26C420922DAFDCB90092BB6E /* CleemUITests.xctest */ = {isa = PBXFileReference; explicitFileType = wrapper.cfbundle; includeInIndex = 0; path = CleemUITests.xctest; sourceTree = BUILT_PRODUCTS_DIR; };
		26D8D90F2DD8A00E0015270D /* GoogleSignIn.framework */ = {isa = PBXFileReference; explicitFileType = wrapper.framework; path = GoogleSignIn.framework; sourceTree = BUILT_PRODUCTS_DIR; };
		79158B792A237DF7910970E4 /* Pods_CleemTests.framework */ = {isa = PBXFileReference; explicitFileType = wrapper.framework; includeInIndex = 0; path = Pods_CleemTests.framework; sourceTree = BUILT_PRODUCTS_DIR; };
		A9359700A0683A034D9F1F95 /* Pods-CleemTests.debug.xcconfig */ = {isa = PBXFileReference; includeInIndex = 1; lastKnownFileType = text.xcconfig; name = "Pods-CleemTests.debug.xcconfig"; path = "Target Support Files/Pods-CleemTests/Pods-CleemTests.debug.xcconfig"; sourceTree = "<group>"; };
		B1AEF7F724AE01EE20639212 /* Pods-CleemTests.release.xcconfig */ = {isa = PBXFileReference; includeInIndex = 1; lastKnownFileType = text.xcconfig; name = "Pods-CleemTests.release.xcconfig"; path = "Target Support Files/Pods-CleemTests/Pods-CleemTests.release.xcconfig"; sourceTree = "<group>"; };
		F01C2AC2804D8E00661A64ED /* Pods_Cleem.framework */ = {isa = PBXFileReference; explicitFileType = wrapper.framework; includeInIndex = 0; path = Pods_Cleem.framework; sourceTree = BUILT_PRODUCTS_DIR; };
/* End PBXFileReference section */

/* Begin PBXFileSystemSynchronizedBuildFileExceptionSet section */
		26FD45562DB1AF7A005ADE7A /* Exceptions for "Cleem" folder in "Cleem" target */ = {
			isa = PBXFileSystemSynchronizedBuildFileExceptionSet;
			membershipExceptions = (
				Info.plist,
			);
			target = 26C420722DAFDCB60092BB6E /* Cleem */;
		};
/* End PBXFileSystemSynchronizedBuildFileExceptionSet section */

/* Begin PBXFileSystemSynchronizedRootGroup section */
		26C420752DAFDCB60092BB6E /* Cleem */ = {
			isa = PBXFileSystemSynchronizedRootGroup;
			exceptions = (
				26FD45562DB1AF7A005ADE7A /* Exceptions for "Cleem" folder in "Cleem" target */,
			);
			path = Cleem;
			sourceTree = "<group>";
		};
		26C4208B2DAFDCB90092BB6E /* CleemTests */ = {
			isa = PBXFileSystemSynchronizedRootGroup;
			exceptions = (
			);
			path = CleemTests;
			sourceTree = "<group>";
		};
		26C420952DAFDCB90092BB6E /* CleemUITests */ = {
			isa = PBXFileSystemSynchronizedRootGroup;
			exceptions = (
			);
			path = CleemUITests;
			sourceTree = "<group>";
		};
/* End PBXFileSystemSynchronizedRootGroup section */

/* Begin PBXFrameworksBuildPhase section */
		26C420702DAFDCB60092BB6E /* Frameworks */ = {
			isa = PBXFrameworksBuildPhase;
			buildActionMask = 2147483647;
			files = (
				266BB6A22DB1B32300465953 /* Alamofire in Frameworks */,
				7D7CC30B05A1C1C2269EC5BA /* Pods_Cleem.framework in Frameworks */,
			);
			runOnlyForDeploymentPostprocessing = 0;
		};
		26C420852DAFDCB90092BB6E /* Frameworks */ = {
			isa = PBXFrameworksBuildPhase;
			buildActionMask = 2147483647;
			files = (
				78B97FAA513F82ED8079D209 /* Pods_CleemTests.framework in Frameworks */,
			);
			runOnlyForDeploymentPostprocessing = 0;
		};
		26C4208F2DAFDCB90092BB6E /* Frameworks */ = {
			isa = PBXFrameworksBuildPhase;
			buildActionMask = 2147483647;
			files = (
			);
			runOnlyForDeploymentPostprocessing = 0;
		};
/* End PBXFrameworksBuildPhase section */

/* Begin PBXGroup section */
		26C4206A2DAFDCB60092BB6E = {
			isa = PBXGroup;
			children = (
				26C420752DAFDCB60092BB6E /* Cleem */,
				26C4208B2DAFDCB90092BB6E /* CleemTests */,
				26C420952DAFDCB90092BB6E /* CleemUITests */,
				26C420742DAFDCB60092BB6E /* Products */,
				7CDC2C428D75FBB8ACD98CD7 /* Pods */,
				A666D3C0C9002936A03F4FA9 /* Frameworks */,
			);
			sourceTree = "<group>";
		};
		26C420742DAFDCB60092BB6E /* Products */ = {
			isa = PBXGroup;
			children = (
				26C420732DAFDCB60092BB6E /* Cleem.app */,
				26C420882DAFDCB90092BB6E /* CleemTests.xctest */,
				26C420922DAFDCB90092BB6E /* CleemUITests.xctest */,
			);
			name = Products;
			sourceTree = "<group>";
		};
		7CDC2C428D75FBB8ACD98CD7 /* Pods */ = {
			isa = PBXGroup;
			children = (
				1CD24B68B113AAD7EF59C893 /* Pods-Cleem.debug.xcconfig */,
				1ECB009BF716F65CC6B37A4D /* Pods-Cleem.release.xcconfig */,
				A9359700A0683A034D9F1F95 /* Pods-CleemTests.debug.xcconfig */,
				B1AEF7F724AE01EE20639212 /* Pods-CleemTests.release.xcconfig */,
			);
			path = Pods;
			sourceTree = "<group>";
		};
		A666D3C0C9002936A03F4FA9 /* Frameworks */ = {
			isa = PBXGroup;
			children = (
				260D65132DD8A81D0002790A /* AppAuth.framework */,
				260D65112DD8A8100002790A /* GTMAppAuth.framework */,
				260D650F2DD8A8020002790A /* GoogleSignIn.framework */,
				26D8D90F2DD8A00E0015270D /* GoogleSignIn.framework */,
				F01C2AC2804D8E00661A64ED /* Pods_Cleem.framework */,
				79158B792A237DF7910970E4 /* Pods_CleemTests.framework */,
			);
			name = Frameworks;
			sourceTree = "<group>";
		};
/* End PBXGroup section */

/* Begin PBXNativeTarget section */
		26C420722DAFDCB60092BB6E /* Cleem */ = {
			isa = PBXNativeTarget;
			buildConfigurationList = 26C4209C2DAFDCB90092BB6E /* Build configuration list for PBXNativeTarget "Cleem" */;
			buildPhases = (
				4C3E0998D81533EC3816E1B6 /* [CP] Check Pods Manifest.lock */,
				26C4206F2DAFDCB60092BB6E /* Sources */,
				26C420702DAFDCB60092BB6E /* Frameworks */,
				26C420712DAFDCB60092BB6E /* Resources */,
				27CAF385D7D4B8049CB20376 /* [CP] Copy Pods Resources */,
			);
			buildRules = (
			);
			dependencies = (
			);
			fileSystemSynchronizedGroups = (
				26C420752DAFDCB60092BB6E /* Cleem */,
			);
			name = Cleem;
			packageProductDependencies = (
				266BB6A12DB1B32300465953 /* Alamofire */,
			);
			productName = Cleem;
			productReference = 26C420732DAFDCB60092BB6E /* Cleem.app */;
			productType = "com.apple.product-type.application";
		};
		26C420872DAFDCB90092BB6E /* CleemTests */ = {
			isa = PBXNativeTarget;
			buildConfigurationList = 26C4209F2DAFDCB90092BB6E /* Build configuration list for PBXNativeTarget "CleemTests" */;
			buildPhases = (
				A0B3F8B8C865621294984CBB /* [CP] Check Pods Manifest.lock */,
				26C420842DAFDCB90092BB6E /* Sources */,
				26C420852DAFDCB90092BB6E /* Frameworks */,
				26C420862DAFDCB90092BB6E /* Resources */,
			);
			buildRules = (
			);
			dependencies = (
				26C4208A2DAFDCB90092BB6E /* PBXTargetDependency */,
			);
			fileSystemSynchronizedGroups = (
				26C4208B2DAFDCB90092BB6E /* CleemTests */,
			);
			name = CleemTests;
			productName = CleemTests;
			productReference = 26C420882DAFDCB90092BB6E /* CleemTests.xctest */;
			productType = "com.apple.product-type.bundle.unit-test";
		};
		26C420912DAFDCB90092BB6E /* CleemUITests */ = {
			isa = PBXNativeTarget;
			buildConfigurationList = 26C420A22DAFDCB90092BB6E /* Build configuration list for PBXNativeTarget "CleemUITests" */;
			buildPhases = (
				26C4208E2DAFDCB90092BB6E /* Sources */,
				26C4208F2DAFDCB90092BB6E /* Frameworks */,
				26C420902DAFDCB90092BB6E /* Resources */,
			);
			buildRules = (
			);
			dependencies = (
				26C420942DAFDCB90092BB6E /* PBXTargetDependency */,
			);
			fileSystemSynchronizedGroups = (
				26C420952DAFDCB90092BB6E /* CleemUITests */,
			);
			name = CleemUITests;
			productName = CleemUITests;
			productReference = 26C420922DAFDCB90092BB6E /* CleemUITests.xctest */;
			productType = "com.apple.product-type.bundle.ui-testing";
		};
/* End PBXNativeTarget section */

/* Begin PBXProject section */
		26C4206B2DAFDCB60092BB6E /* Project object */ = {
			isa = PBXProject;
			attributes = {
				BuildIndependentTargetsInParallel = 1;
				LastSwiftUpdateCheck = 1620;
				LastUpgradeCheck = 1630;
				TargetAttributes = {
					26C420722DAFDCB60092BB6E = {
						CreatedOnToolsVersion = 16.2;
					};
					26C420872DAFDCB90092BB6E = {
						CreatedOnToolsVersion = 16.2;
						TestTargetID = 26C420722DAFDCB60092BB6E;
					};
					26C420912DAFDCB90092BB6E = {
						CreatedOnToolsVersion = 16.2;
						TestTargetID = 26C420722DAFDCB60092BB6E;
					};
				};
			};
			buildConfigurationList = 26C4206E2DAFDCB60092BB6E /* Build configuration list for PBXProject "Cleem" */;
			developmentRegion = en;
			hasScannedForEncodings = 0;
			knownRegions = (
				en,
				Base,
			);
			mainGroup = 26C4206A2DAFDCB60092BB6E;
			minimizedProjectReferenceProxies = 1;
			packageReferences = (
				266BB6A02DB1B32300465953 /* XCRemoteSwiftPackageReference "Alamofire" */,
			);
			preferredProjectObjectVersion = 77;
			productRefGroup = 26C420742DAFDCB60092BB6E /* Products */;
			projectDirPath = "";
			projectRoot = "";
			targets = (
				26C420722DAFDCB60092BB6E /* Cleem */,
				26C420872DAFDCB90092BB6E /* CleemTests */,
				26C420912DAFDCB90092BB6E /* CleemUITests */,
			);
		};
/* End PBXProject section */

/* Begin PBXResourcesBuildPhase section */
		26C420712DAFDCB60092BB6E /* Resources */ = {
			isa = PBXResourcesBuildPhase;
			buildActionMask = 2147483647;
			files = (
			);
			runOnlyForDeploymentPostprocessing = 0;
		};
		26C420862DAFDCB90092BB6E /* Resources */ = {
			isa = PBXResourcesBuildPhase;
			buildActionMask = 2147483647;
			files = (
			);
			runOnlyForDeploymentPostprocessing = 0;
		};
		26C420902DAFDCB90092BB6E /* Resources */ = {
			isa = PBXResourcesBuildPhase;
			buildActionMask = 2147483647;
			files = (
			);
			runOnlyForDeploymentPostprocessing = 0;
		};
/* End PBXResourcesBuildPhase section */

/* Begin PBXShellScriptBuildPhase section */
		27CAF385D7D4B8049CB20376 /* [CP] Copy Pods Resources */ = {
			isa = PBXShellScriptBuildPhase;
			buildActionMask = 2147483647;
			files = (
			);
			inputFileListPaths = (
				"${PODS_ROOT}/Target Support Files/Pods-Cleem/Pods-Cleem-resources-${CONFIGURATION}-input-files.xcfilelist",
			);
			name = "[CP] Copy Pods Resources";
			outputFileListPaths = (
				"${PODS_ROOT}/Target Support Files/Pods-Cleem/Pods-Cleem-resources-${CONFIGURATION}-output-files.xcfilelist",
			);
			runOnlyForDeploymentPostprocessing = 0;
			shellPath = /bin/sh;
			shellScript = "\"${PODS_ROOT}/Target Support Files/Pods-Cleem/Pods-Cleem-resources.sh\"\n";
			showEnvVarsInLog = 0;
		};
		4C3E0998D81533EC3816E1B6 /* [CP] Check Pods Manifest.lock */ = {
			isa = PBXShellScriptBuildPhase;
			buildActionMask = 2147483647;
			files = (
			);
			inputFileListPaths = (
			);
			inputPaths = (
				"${PODS_PODFILE_DIR_PATH}/Podfile.lock",
				"${PODS_ROOT}/Manifest.lock",
			);
			name = "[CP] Check Pods Manifest.lock";
			outputFileListPaths = (
			);
			outputPaths = (
				"$(DERIVED_FILE_DIR)/Pods-Cleem-checkManifestLockResult.txt",
			);
			runOnlyForDeploymentPostprocessing = 0;
			shellPath = /bin/sh;
			shellScript = "diff \"${PODS_PODFILE_DIR_PATH}/Podfile.lock\" \"${PODS_ROOT}/Manifest.lock\" > /dev/null\nif [ $? != 0 ] ; then\n    # print error to STDERR\n    echo \"error: The sandbox is not in sync with the Podfile.lock. Run 'pod install' or update your CocoaPods installation.\" >&2\n    exit 1\nfi\n# This output is used by Xcode 'outputs' to avoid re-running this script phase.\necho \"SUCCESS\" > \"${SCRIPT_OUTPUT_FILE_0}\"\n";
			showEnvVarsInLog = 0;
		};
		A0B3F8B8C865621294984CBB /* [CP] Check Pods Manifest.lock */ = {
			isa = PBXShellScriptBuildPhase;
			buildActionMask = 2147483647;
			files = (
			);
			inputFileListPaths = (
			);
			inputPaths = (
				"${PODS_PODFILE_DIR_PATH}/Podfile.lock",
				"${PODS_ROOT}/Manifest.lock",
			);
			name = "[CP] Check Pods Manifest.lock";
			outputFileListPaths = (
			);
			outputPaths = (
				"$(DERIVED_FILE_DIR)/Pods-CleemTests-checkManifestLockResult.txt",
			);
			runOnlyForDeploymentPostprocessing = 0;
			shellPath = /bin/sh;
			shellScript = "diff \"${PODS_PODFILE_DIR_PATH}/Podfile.lock\" \"${PODS_ROOT}/Manifest.lock\" > /dev/null\nif [ $? != 0 ] ; then\n    # print error to STDERR\n    echo \"error: The sandbox is not in sync with the Podfile.lock. Run 'pod install' or update your CocoaPods installation.\" >&2\n    exit 1\nfi\n# This output is used by Xcode 'outputs' to avoid re-running this script phase.\necho \"SUCCESS\" > \"${SCRIPT_OUTPUT_FILE_0}\"\n";
			showEnvVarsInLog = 0;
		};
/* End PBXShellScriptBuildPhase section */

/* Begin PBXSourcesBuildPhase section */
		26C4206F2DAFDCB60092BB6E /* Sources */ = {
			isa = PBXSourcesBuildPhase;
			buildActionMask = 2147483647;
			files = (
			);
			runOnlyForDeploymentPostprocessing = 0;
		};
		26C420842DAFDCB90092BB6E /* Sources */ = {
			isa = PBXSourcesBuildPhase;
			buildActionMask = 2147483647;
			files = (
			);
			runOnlyForDeploymentPostprocessing = 0;
		};
		26C4208E2DAFDCB90092BB6E /* Sources */ = {
			isa = PBXSourcesBuildPhase;
			buildActionMask = 2147483647;
			files = (
			);
			runOnlyForDeploymentPostprocessing = 0;
		};
/* End PBXSourcesBuildPhase section */

/* Begin PBXTargetDependency section */
		26C4208A2DAFDCB90092BB6E /* PBXTargetDependency */ = {
			isa = PBXTargetDependency;
			target = 26C420722DAFDCB60092BB6E /* Cleem */;
			targetProxy = 26C420892DAFDCB90092BB6E /* PBXContainerItemProxy */;
		};
		26C420942DAFDCB90092BB6E /* PBXTargetDependency */ = {
			isa = PBXTargetDependency;
			target = 26C420722DAFDCB60092BB6E /* Cleem */;
			targetProxy = 26C420932DAFDCB90092BB6E /* PBXContainerItemProxy */;
		};
/* End PBXTargetDependency section */

/* Begin XCBuildConfiguration section */
		26C4209A2DAFDCB90092BB6E /* Debug */ = {
			isa = XCBuildConfiguration;
			buildSettings = {
				ALWAYS_SEARCH_USER_PATHS = NO;
				ASSETCATALOG_COMPILER_GENERATE_SWIFT_ASSET_SYMBOL_EXTENSIONS = YES;
				CLANG_ANALYZER_NONNULL = YES;
				CLANG_ANALYZER_NUMBER_OBJECT_CONVERSION = YES_AGGRESSIVE;
				CLANG_CXX_LANGUAGE_STANDARD = "gnu++20";
				CLANG_ENABLE_MODULES = YES;
				CLANG_ENABLE_OBJC_ARC = YES;
				CLANG_ENABLE_OBJC_WEAK = YES;
				CLANG_WARN_BLOCK_CAPTURE_AUTORELEASING = YES;
				CLANG_WARN_BOOL_CONVERSION = YES;
				CLANG_WARN_COMMA = YES;
				CLANG_WARN_CONSTANT_CONVERSION = YES;
				CLANG_WARN_DEPRECATED_OBJC_IMPLEMENTATIONS = YES;
				CLANG_WARN_DIRECT_OBJC_ISA_USAGE = YES_ERROR;
				CLANG_WARN_DOCUMENTATION_COMMENTS = YES;
				CLANG_WARN_EMPTY_BODY = YES;
				CLANG_WARN_ENUM_CONVERSION = YES;
				CLANG_WARN_INFINITE_RECURSION = YES;
				CLANG_WARN_INT_CONVERSION = YES;
				CLANG_WARN_NON_LITERAL_NULL_CONVERSION = YES;
				CLANG_WARN_OBJC_IMPLICIT_RETAIN_SELF = YES;
				CLANG_WARN_OBJC_LITERAL_CONVERSION = YES;
				CLANG_WARN_OBJC_ROOT_CLASS = YES_ERROR;
				CLANG_WARN_QUOTED_INCLUDE_IN_FRAMEWORK_HEADER = YES;
				CLANG_WARN_RANGE_LOOP_ANALYSIS = YES;
				CLANG_WARN_STRICT_PROTOTYPES = YES;
				CLANG_WARN_SUSPICIOUS_MOVE = YES;
				CLANG_WARN_UNGUARDED_AVAILABILITY = YES_AGGRESSIVE;
				CLANG_WARN_UNREACHABLE_CODE = YES;
				CLANG_WARN__DUPLICATE_METHOD_MATCH = YES;
				COPY_PHASE_STRIP = NO;
				DEBUG_INFORMATION_FORMAT = dwarf;
				DEVELOPMENT_TEAM = ZDF3GAD5D6;
				ENABLE_STRICT_OBJC_MSGSEND = YES;
				ENABLE_TESTABILITY = YES;
				ENABLE_USER_SCRIPT_SANDBOXING = YES;
				GCC_C_LANGUAGE_STANDARD = gnu17;
				GCC_DYNAMIC_NO_PIC = NO;
				GCC_NO_COMMON_BLOCKS = YES;
				GCC_OPTIMIZATION_LEVEL = 0;
				GCC_PREPROCESSOR_DEFINITIONS = (
					"DEBUG=1",
					"$(inherited)",
				);
				GCC_WARN_64_TO_32_BIT_CONVERSION = YES;
				GCC_WARN_ABOUT_RETURN_TYPE = YES_ERROR;
				GCC_WARN_UNDECLARED_SELECTOR = YES;
				GCC_WARN_UNINITIALIZED_AUTOS = YES_AGGRESSIVE;
				GCC_WARN_UNUSED_FUNCTION = YES;
				GCC_WARN_UNUSED_VARIABLE = YES;
				IPHONEOS_DEPLOYMENT_TARGET = 18.2;
				LOCALIZATION_PREFERS_STRING_CATALOGS = YES;
				MTL_ENABLE_DEBUG_INFO = INCLUDE_SOURCE;
				MTL_FAST_MATH = YES;
				ONLY_ACTIVE_ARCH = YES;
				SDKROOT = iphoneos;
				SWIFT_ACTIVE_COMPILATION_CONDITIONS = "DEBUG $(inherited)";
				SWIFT_OPTIMIZATION_LEVEL = "-Onone";
			};
			name = Debug;
		};
		26C4209B2DAFDCB90092BB6E /* Release */ = {
			isa = XCBuildConfiguration;
			buildSettings = {
				ALWAYS_SEARCH_USER_PATHS = NO;
				ASSETCATALOG_COMPILER_GENERATE_SWIFT_ASSET_SYMBOL_EXTENSIONS = YES;
				CLANG_ANALYZER_NONNULL = YES;
				CLANG_ANALYZER_NUMBER_OBJECT_CONVERSION = YES_AGGRESSIVE;
				CLANG_CXX_LANGUAGE_STANDARD = "gnu++20";
				CLANG_ENABLE_MODULES = YES;
				CLANG_ENABLE_OBJC_ARC = YES;
				CLANG_ENABLE_OBJC_WEAK = YES;
				CLANG_WARN_BLOCK_CAPTURE_AUTORELEASING = YES;
				CLANG_WARN_BOOL_CONVERSION = YES;
				CLANG_WARN_COMMA = YES;
				CLANG_WARN_CONSTANT_CONVERSION = YES;
				CLANG_WARN_DEPRECATED_OBJC_IMPLEMENTATIONS = YES;
				CLANG_WARN_DIRECT_OBJC_ISA_USAGE = YES_ERROR;
				CLANG_WARN_DOCUMENTATION_COMMENTS = YES;
				CLANG_WARN_EMPTY_BODY = YES;
				CLANG_WARN_ENUM_CONVERSION = YES;
				CLANG_WARN_INFINITE_RECURSION = YES;
				CLANG_WARN_INT_CONVERSION = YES;
				CLANG_WARN_NON_LITERAL_NULL_CONVERSION = YES;
				CLANG_WARN_OBJC_IMPLICIT_RETAIN_SELF = YES;
				CLANG_WARN_OBJC_LITERAL_CONVERSION = YES;
				CLANG_WARN_OBJC_ROOT_CLASS = YES_ERROR;
				CLANG_WARN_QUOTED_INCLUDE_IN_FRAMEWORK_HEADER = YES;
				CLANG_WARN_RANGE_LOOP_ANALYSIS = YES;
				CLANG_WARN_STRICT_PROTOTYPES = YES;
				CLANG_WARN_SUSPICIOUS_MOVE = YES;
				CLANG_WARN_UNGUARDED_AVAILABILITY = YES_AGGRESSIVE;
				CLANG_WARN_UNREACHABLE_CODE = YES;
				CLANG_WARN__DUPLICATE_METHOD_MATCH = YES;
				COPY_PHASE_STRIP = NO;
				DEBUG_INFORMATION_FORMAT = "dwarf-with-dsym";
				DEVELOPMENT_TEAM = ZDF3GAD5D6;
				ENABLE_NS_ASSERTIONS = NO;
				ENABLE_STRICT_OBJC_MSGSEND = YES;
				ENABLE_USER_SCRIPT_SANDBOXING = YES;
				GCC_C_LANGUAGE_STANDARD = gnu17;
				GCC_NO_COMMON_BLOCKS = YES;
				GCC_WARN_64_TO_32_BIT_CONVERSION = YES;
				GCC_WARN_ABOUT_RETURN_TYPE = YES_ERROR;
				GCC_WARN_UNDECLARED_SELECTOR = YES;
				GCC_WARN_UNINITIALIZED_AUTOS = YES_AGGRESSIVE;
				GCC_WARN_UNUSED_FUNCTION = YES;
				GCC_WARN_UNUSED_VARIABLE = YES;
				IPHONEOS_DEPLOYMENT_TARGET = 18.2;
				LOCALIZATION_PREFERS_STRING_CATALOGS = YES;
				MTL_ENABLE_DEBUG_INFO = NO;
				MTL_FAST_MATH = YES;
				SDKROOT = iphoneos;
				SWIFT_COMPILATION_MODE = wholemodule;
				VALIDATE_PRODUCT = YES;
			};
			name = Release;
		};
		26C4209D2DAFDCB90092BB6E /* Debug */ = {
			isa = XCBuildConfiguration;
			baseConfigurationReference = 1CD24B68B113AAD7EF59C893 /* Pods-Cleem.debug.xcconfig */;
			buildSettings = {
				ALWAYS_EMBED_SWIFT_STANDARD_LIBRARIES = "$(inherited)";
				ASSETCATALOG_COMPILER_APPICON_NAME = AppIcon;
				ASSETCATALOG_COMPILER_GLOBAL_ACCENT_COLOR_NAME = AccentColor;
				CODE_SIGN_ENTITLEMENTS = Cleem/Cleem.entitlements;
				CODE_SIGN_STYLE = Automatic;
				CURRENT_PROJECT_VERSION = 1;
				DEFINES_MODULE = YES;
				DEVELOPMENT_ASSET_PATHS = "\"Cleem/Preview Content\"";
				ENABLE_PREVIEWS = YES;
				FRAMEWORK_SEARCH_PATHS = "$(inherited)";
				GENERATE_INFOPLIST_FILE = YES;
				HEADER_SEARCH_PATHS = "$(inherited)";
				INFOPLIST_FILE = Cleem/Info.plist;
				INFOPLIST_KEY_UIApplicationSceneManifest_Generation = YES;
				INFOPLIST_KEY_UIApplicationSupportsIndirectInputEvents = YES;
				INFOPLIST_KEY_UILaunchScreen_Generation = YES;
				INFOPLIST_KEY_UISupportedInterfaceOrientations_iPad = "UIInterfaceOrientationPortrait UIInterfaceOrientationPortraitUpsideDown UIInterfaceOrientationLandscapeLeft UIInterfaceOrientationLandscapeRight";
				INFOPLIST_KEY_UISupportedInterfaceOrientations_iPhone = "UIInterfaceOrientationPortrait UIInterfaceOrientationLandscapeLeft UIInterfaceOrientationLandscapeRight";
				IPHONEOS_DEPLOYMENT_TARGET = 18.0;
				LD_RUNPATH_SEARCH_PATHS = (
					"$(inherited)",
					"@executable_path/Frameworks",
				);
				LIBRARY_SEARCH_PATHS = "$(inherited)";
				MARKETING_VERSION = 1.0;
				OTHER_LDFLAGS = (
					"$(inherited)",
					"-ObjC",
				);
				OTHER_SWIFT_FLAGS = "$(inherited) -D IMPORT_GOOGLE_SIGNIN";
				PRODUCT_BUNDLE_IDENTIFIER = com.noom.Cleem;
				PRODUCT_NAME = "$(TARGET_NAME)";
				SWIFT_EMIT_LOC_STRINGS = YES;
				SWIFT_OBJC_BRIDGING_HEADER = "Cleem/Cleem-Bridging-Header.h";
				SWIFT_OBJC_INTERFACE_HEADER_NAME = "Cleem-Swift.h";
				SWIFT_VERSION = 5.0;
				TARGETED_DEVICE_FAMILY = "1,2";
			};
			name = Debug;
		};
		26C4209E2DAFDCB90092BB6E /* Release */ = {
			isa = XCBuildConfiguration;
			baseConfigurationReference = 1ECB009BF716F65CC6B37A4D /* Pods-Cleem.release.xcconfig */;
			buildSettings = {
				ALWAYS_EMBED_SWIFT_STANDARD_LIBRARIES = "$(inherited)";
				ASSETCATALOG_COMPILER_APPICON_NAME = AppIcon;
				ASSETCATALOG_COMPILER_GLOBAL_ACCENT_COLOR_NAME = AccentColor;
				CODE_SIGN_ENTITLEMENTS = Cleem/Cleem.entitlements;
				CODE_SIGN_STYLE = Automatic;
				CURRENT_PROJECT_VERSION = 1;
				DEFINES_MODULE = YES;
				DEVELOPMENT_ASSET_PATHS = "\"Cleem/Preview Content\"";
				ENABLE_PREVIEWS = YES;
				FRAMEWORK_SEARCH_PATHS = "$(inherited)";
				GENERATE_INFOPLIST_FILE = YES;
				HEADER_SEARCH_PATHS = "$(inherited)";
				INFOPLIST_FILE = Cleem/Info.plist;
				INFOPLIST_KEY_UIApplicationSceneManifest_Generation = YES;
				INFOPLIST_KEY_UIApplicationSupportsIndirectInputEvents = YES;
				INFOPLIST_KEY_UILaunchScreen_Generation = YES;
				INFOPLIST_KEY_UISupportedInterfaceOrientations_iPad = "UIInterfaceOrientationPortrait UIInterfaceOrientationPortraitUpsideDown UIInterfaceOrientationLandscapeLeft UIInterfaceOrientationLandscapeRight";
				INFOPLIST_KEY_UISupportedInterfaceOrientations_iPhone = "UIInterfaceOrientationPortrait UIInterfaceOrientationLandscapeLeft UIInterfaceOrientationLandscapeRight";
				IPHONEOS_DEPLOYMENT_TARGET = 18.0;
				LD_RUNPATH_SEARCH_PATHS = (
					"$(inherited)",
					"@executable_path/Frameworks",
				);
				LIBRARY_SEARCH_PATHS = "$(inherited)";
				MARKETING_VERSION = 1.0;
				OTHER_LDFLAGS = (
					"$(inherited)",
					"-ObjC",
				);
				OTHER_SWIFT_FLAGS = "$(inherited) -D IMPORT_GOOGLE_SIGNIN";
				PRODUCT_BUNDLE_IDENTIFIER = com.noom.Cleem;
				PRODUCT_NAME = "$(TARGET_NAME)";
				SWIFT_EMIT_LOC_STRINGS = YES;
				SWIFT_OBJC_BRIDGING_HEADER = "Cleem/Cleem-Bridging-Header.h";
				SWIFT_OBJC_INTERFACE_HEADER_NAME = "Cleem-Swift.h";
				SWIFT_VERSION = 5.0;
				TARGETED_DEVICE_FAMILY = "1,2";
			};
			name = Release;
		};
		26C420A02DAFDCB90092BB6E /* Debug */ = {
			isa = XCBuildConfiguration;
			baseConfigurationReference = A9359700A0683A034D9F1F95 /* Pods-CleemTests.debug.xcconfig */;
			buildSettings = {
				BUNDLE_LOADER = "$(TEST_HOST)";
				CODE_SIGN_STYLE = Automatic;
				CURRENT_PROJECT_VERSION = 1;
				GENERATE_INFOPLIST_FILE = YES;
				IPHONEOS_DEPLOYMENT_TARGET = 18.2;
				MARKETING_VERSION = 1.0;
				PRODUCT_BUNDLE_IDENTIFIER = com.noom.CleemTests;
				PRODUCT_NAME = "$(TARGET_NAME)";
				SWIFT_EMIT_LOC_STRINGS = NO;
				SWIFT_VERSION = 5.0;
				TARGETED_DEVICE_FAMILY = "1,2";
				TEST_HOST = "$(BUILT_PRODUCTS_DIR)/Cleem.app/$(BUNDLE_EXECUTABLE_FOLDER_PATH)/Cleem";
			};
			name = Debug;
		};
		26C420A12DAFDCB90092BB6E /* Release */ = {
			isa = XCBuildConfiguration;
			baseConfigurationReference = B1AEF7F724AE01EE20639212 /* Pods-CleemTests.release.xcconfig */;
			buildSettings = {
				BUNDLE_LOADER = "$(TEST_HOST)";
				CODE_SIGN_STYLE = Automatic;
				CURRENT_PROJECT_VERSION = 1;
				GENERATE_INFOPLIST_FILE = YES;
				IPHONEOS_DEPLOYMENT_TARGET = 18.2;
				MARKETING_VERSION = 1.0;
				PRODUCT_BUNDLE_IDENTIFIER = com.noom.CleemTests;
				PRODUCT_NAME = "$(TARGET_NAME)";
				SWIFT_EMIT_LOC_STRINGS = NO;
				SWIFT_VERSION = 5.0;
				TARGETED_DEVICE_FAMILY = "1,2";
				TEST_HOST = "$(BUILT_PRODUCTS_DIR)/Cleem.app/$(BUNDLE_EXECUTABLE_FOLDER_PATH)/Cleem";
			};
			name = Release;
		};
		26C420A32DAFDCB90092BB6E /* Debug */ = {
			isa = XCBuildConfiguration;
			buildSettings = {
				CODE_SIGN_STYLE = Automatic;
				CURRENT_PROJECT_VERSION = 1;
				GENERATE_INFOPLIST_FILE = YES;
				MARKETING_VERSION = 1.0;
				PRODUCT_BUNDLE_IDENTIFIER = com.noom.CleemUITests;
				PRODUCT_NAME = "$(TARGET_NAME)";
				SWIFT_EMIT_LOC_STRINGS = NO;
				SWIFT_VERSION = 5.0;
				TARGETED_DEVICE_FAMILY = "1,2";
				TEST_TARGET_NAME = Cleem;
			};
			name = Debug;
		};
		26C420A42DAFDCB90092BB6E /* Release */ = {
			isa = XCBuildConfiguration;
			buildSettings = {
				CODE_SIGN_STYLE = Automatic;
				CURRENT_PROJECT_VERSION = 1;
				GENERATE_INFOPLIST_FILE = YES;
				MARKETING_VERSION = 1.0;
				PRODUCT_BUNDLE_IDENTIFIER = com.noom.CleemUITests;
				PRODUCT_NAME = "$(TARGET_NAME)";
				SWIFT_EMIT_LOC_STRINGS = NO;
				SWIFT_VERSION = 5.0;
				TARGETED_DEVICE_FAMILY = "1,2";
				TEST_TARGET_NAME = Cleem;
			};
			name = Release;
		};
/* End XCBuildConfiguration section */

/* Begin XCConfigurationList section */
		26C4206E2DAFDCB60092BB6E /* Build configuration list for PBXProject "Cleem" */ = {
			isa = XCConfigurationList;
			buildConfigurations = (
				26C4209A2DAFDCB90092BB6E /* Debug */,
				26C4209B2DAFDCB90092BB6E /* Release */,
			);
			defaultConfigurationIsVisible = 0;
			defaultConfigurationName = Release;
		};
		26C4209C2DAFDCB90092BB6E /* Build configuration list for PBXNativeTarget "Cleem" */ = {
			isa = XCConfigurationList;
			buildConfigurations = (
				26C4209D2DAFDCB90092BB6E /* Debug */,
				26C4209E2DAFDCB90092BB6E /* Release */,
			);
			defaultConfigurationIsVisible = 0;
			defaultConfigurationName = Release;
		};
		26C4209F2DAFDCB90092BB6E /* Build configuration list for PBXNativeTarget "CleemTests" */ = {
			isa = XCConfigurationList;
			buildConfigurations = (
				26C420A02DAFDCB90092BB6E /* Debug */,
				26C420A12DAFDCB90092BB6E /* Release */,
			);
			defaultConfigurationIsVisible = 0;
			defaultConfigurationName = Release;
		};
		26C420A22DAFDCB90092BB6E /* Build configuration list for PBXNativeTarget "CleemUITests" */ = {
			isa = XCConfigurationList;
			buildConfigurations = (
				26C420A32DAFDCB90092BB6E /* Debug */,
				26C420A42DAFDCB90092BB6E /* Release */,
			);
			defaultConfigurationIsVisible = 0;
			defaultConfigurationName = Release;
		};
/* End XCConfigurationList section */

/* Begin XCRemoteSwiftPackageReference section */
		266BB6A02DB1B32300465953 /* XCRemoteSwiftPackageReference "Alamofire" */ = {
			isa = XCRemoteSwiftPackageReference;
			repositoryURL = "https://github.com/Alamofire/Alamofire.git";
			requirement = {
				kind = upToNextMajorVersion;
				minimumVersion = 5.10.2;
			};
		};
/* End XCRemoteSwiftPackageReference section */

/* Begin XCSwiftPackageProductDependency section */
		266BB6A12DB1B32300465953 /* Alamofire */ = {
			isa = XCSwiftPackageProductDependency;
			package = 266BB6A02DB1B32300465953 /* XCRemoteSwiftPackageReference "Alamofire" */;
			productName = Alamofire;
		};
/* End XCSwiftPackageProductDependency section */
	};
	rootObject = 26C4206B2DAFDCB60092BB6E /* Project object */;
}
